
Microsoft Visual Studio Solution File, Format Version 12.00
# Visual Studio Version 17
VisualStudioVersion = 17.5.33530.505
MinimumVisualStudioVersion = 10.0.40219.1
Project("{9A19103F-16F7-4668-BE54-9A1E7A4F7556}") = "Ecommerce.API", "Ecommerce.API\Ecommerce.API.csproj", "{CF9D4964-B078-46AF-A33F-0C017A6AF051}"
EndProject
Project("{9A19103F-16F7-4668-BE54-9A1E7A4F7556}") = "Ecommerce.Contracts", "Ecommerce.Contracts\Ecommerce.Contracts.csproj", "{7C551EA3-D4F8-4FE2-918C-C5EE1E7F7DD1}"
EndProject
Project("{9A19103F-16F7-4668-BE54-9A1E7A4F7556}") = "Ecommerce.Bot", "Eccomerce.Bot\Ecommerce.Bot.csproj", "{73F8CC4E-DD45-4CD2-9A34-CAA1E2C1CE09}"
EndProject
Project("{2150E333-8FDC-42A3-9474-1A3956D46DE8}") = "Solution Items", "Solution Items", "{75911054-387B-4929-B6AB-89D4D32932A8}"
	ProjectSection(SolutionItems) = preProject
		.editorconfig = .editorconfig
	EndProjectSection
EndProject
Global
	GlobalSection(SolutionConfigurationPlatforms) = preSolution
		Debug|Any CPU = Debug|Any CPU
		Release|Any CPU = Release|Any CPU
	EndGlobalSection
	GlobalSection(ProjectConfigurationPlatforms) = postSolution
		{CF9D4964-B078-46AF-A33F-0C017A6AF051}.Debug|Any CPU.ActiveCfg = Debug|Any CPU
		{CF9D4964-B078-46AF-A33F-0C017A6AF051}.Debug|Any CPU.Build.0 = Debug|Any CPU
		{CF9D4964-B078-46AF-A33F-0C017A6AF051}.Release|Any CPU.ActiveCfg = Release|Any CPU
		{CF9D4964-B078-46AF-A33F-0C017A6AF051}.Release|Any CPU.Build.0 = Release|Any CPU
		{7C551EA3-D4F8-4FE2-918C-C5EE1E7F7DD1}.Debug|Any CPU.ActiveCfg = Debug|Any CPU
		{7C551EA3-D4F8-4FE2-918C-C5EE1E7F7DD1}.Debug|Any CPU.Build.0 = Debug|Any CPU
		{7C551EA3-D4F8-4FE2-918C-C5EE1E7F7DD1}.Release|Any CPU.ActiveCfg = Release|Any CPU
		{7C551EA3-D4F8-4FE2-918C-C5EE1E7F7DD1}.Release|Any CPU.Build.0 = Release|Any CPU
		{73F8CC4E-DD45-4CD2-9A34-CAA1E2C1CE09}.Debug|Any CPU.ActiveCfg = Debug|Any CPU
		{73F8CC4E-DD45-4CD2-9A34-CAA1E2C1CE09}.Debug|Any CPU.Build.0 = Debug|Any CPU
		{73F8CC4E-DD45-4CD2-9A34-CAA1E2C1CE09}.Release|Any CPU.ActiveCfg = Release|Any CPU
		{73F8CC4E-DD45-4CD2-9A34-CAA1E2C1CE09}.Release|Any CPU.Build.0 = Release|Any CPU
	EndGlobalSection
	GlobalSection(SolutionProperties) = preSolution
		HideSolutionNode = FALSE
	EndGlobalSection
	GlobalSection(ExtensibilityGlobals) = postSolution
		SolutionGuid = {547FC4B0-2A84-4D7D-867E-E45C80D0C3AB}
	EndGlobalSection
EndGlobal
